// !$*UTF8*$!
{
	archiveVersion = 1;
	classes = {
	};
	objectVersion = 50;
	objects = {

/* Begin PBXBuildFile section */
		F9EBF2E521DDB35C00FED0EE /* AppDelegate.swift in Sources */ = {isa = PBXBuildFile; fileRef = F9EBF2E421DDB35C00FED0EE /* AppDelegate.swift */; };
		F9EBF2E721DDB35C00FED0EE /* ViewController.swift in Sources */ = {isa = PBXBuildFile; fileRef = F9EBF2E621DDB35C00FED0EE /* ViewController.swift */; };
		F9EBF2EA21DDB35C00FED0EE /* Main.storyboard in Resources */ = {isa = PBXBuildFile; fileRef = F9EBF2E821DDB35C00FED0EE /* Main.storyboard */; };
		F9EBF2EC21DDB36000FED0EE /* Assets.xcassets in Resources */ = {isa = PBXBuildFile; fileRef = F9EBF2EB21DDB36000FED0EE /* Assets.xcassets */; };
		F9EBF2EF21DDB36000FED0EE /* LaunchScreen.storyboard in Resources */ = {isa = PBXBuildFile; fileRef = F9EBF2ED21DDB36000FED0EE /* LaunchScreen.storyboard */; };
		F9EBF2FA21DDB36000FED0EE /* RXTestTests.swift in Sources */ = {isa = PBXBuildFile; fileRef = F9EBF2F921DDB36000FED0EE /* RXTestTests.swift */; };
		F9EBF30521DDB36000FED0EE /* RXTestUITests.swift in Sources */ = {isa = PBXBuildFile; fileRef = F9EBF30421DDB36000FED0EE /* RXTestUITests.swift */; };
/* End PBXBuildFile section */

/* Begin PBXContainerItemProxy section */
		F9EBF2F621DDB36000FED0EE /* PBXContainerItemProxy */ = {
			isa = PBXContainerItemProxy;
			containerPortal = F9EBF2D921DDB35C00FED0EE /* Project object */;
			proxyType = 1;
			remoteGlobalIDString = F9EBF2E021DDB35C00FED0EE;
			remoteInfo = RXTest;
		};
		F9EBF30121DDB36000FED0EE /* PBXContainerItemProxy */ = {
			isa = PBXContainerItemProxy;
			containerPortal = F9EBF2D921DDB35C00FED0EE /* Project object */;
			proxyType = 1;
			remoteGlobalIDString = F9EBF2E021DDB35C00FED0EE;
			remoteInfo = RXTest;
		};
/* End PBXContainerItemProxy section */

/* Begin PBXFileReference section */
		F9EBF2E121DDB35C00FED0EE /* RXTest.app */ = {isa = PBXFileReference; explicitFileType = wrapper.application; includeInIndex = 0; path = RXTest.app; sourceTree = BUILT_PRODUCTS_DIR; };
		F9EBF2E421DDB35C00FED0EE /* AppDelegate.swift */ = {isa = PBXFileReference; lastKnownFileType = sourcecode.swift; path = AppDelegate.swift; sourceTree = "<group>"; };
		F9EBF2E621DDB35C00FED0EE /* ViewController.swift */ = {isa = PBXFileReference; lastKnownFileType = sourcecode.swift; path = ViewController.swift; sourceTree = "<group>"; };
		F9EBF2E921DDB35C00FED0EE /* Base */ = {isa = PBXFileReference; lastKnownFileType = file.storyboard; name = Base; path = Base.lproj/Main.storyboard; sourceTree = "<group>"; };
		F9EBF2EB21DDB36000FED0EE /* Assets.xcassets */ = {isa = PBXFileReference; lastKnownFileType = folder.assetcatalog; path = Assets.xcassets; sourceTree = "<group>"; };
		F9EBF2EE21DDB36000FED0EE /* Base */ = {isa = PBXFileReference; lastKnownFileType = file.storyboard; name = Base; path = Base.lproj/LaunchScreen.storyboard; sourceTree = "<group>"; };
		F9EBF2F021DDB36000FED0EE /* Info.plist */ = {isa = PBXFileReference; lastKnownFileType = text.plist.xml; path = Info.plist; sourceTree = "<group>"; };
		F9EBF2F521DDB36000FED0EE /* RXTestTests.xctest */ = {isa = PBXFileReference; explicitFileType = wrapper.cfbundle; includeInIndex = 0; path = RXTestTests.xctest; sourceTree = BUILT_PRODUCTS_DIR; };
		F9EBF2F921DDB36000FED0EE /* RXTestTests.swift */ = {isa = PBXFileReference; lastKnownFileType = sourcecode.swift; path = RXTestTests.swift; sourceTree = "<group>"; };
		F9EBF2FB21DDB36000FED0EE /* Info.plist */ = {isa = PBXFileReference; lastKnownFileType = text.plist.xml; path = Info.plist; sourceTree = "<group>"; };
		F9EBF30021DDB36000FED0EE /* RXTestUITests.xctest */ = {isa = PBXFileReference; explicitFileType = wrapper.cfbundle; includeInIndex = 0; path = RXTestUITests.xctest; sourceTree = BUILT_PRODUCTS_DIR; };
		F9EBF30421DDB36000FED0EE /* RXTestUITests.swift */ = {isa = PBXFileReference; lastKnownFileType = sourcecode.swift; path = RXTestUITests.swift; sourceTree = "<group>"; };
		F9EBF30621DDB36000FED0EE /* Info.plist */ = {isa = PBXFileReference; lastKnownFileType = text.plist.xml; path = Info.plist; sourceTree = "<group>"; };
/* End PBXFileReference section */

/* Begin PBXFrameworksBuildPhase section */
		F9EBF2DE21DDB35C00FED0EE /* Frameworks */ = {
			isa = PBXFrameworksBuildPhase;
			buildActionMask = 2147483647;
			files = (
			);
			runOnlyForDeploymentPostprocessing = 0;
		};
		F9EBF2F221DDB36000FED0EE /* Frameworks */ = {
			isa = PBXFrameworksBuildPhase;
			buildActionMask = 2147483647;
			files = (
			);
			runOnlyForDeploymentPostprocessing = 0;
		};
		F9EBF2FD21DDB36000FED0EE /* Frameworks */ = {
			isa = PBXFrameworksBuildPhase;
			buildActionMask = 2147483647;
			files = (
			);
			runOnlyForDeploymentPostprocessing = 0;
		};
/* End PBXFrameworksBuildPhase section */

/* Begin PBXGroup section */
		F9EBF2D821DDB35C00FED0EE = {
			isa = PBXGroup;
			children = (
				F9EBF2E321DDB35C00FED0EE /* RXTest */,
				F9EBF2F821DDB36000FED0EE /* RXTestTests */,
				F9EBF30321DDB36000FED0EE /* RXTestUITests */,
				F9EBF2E221DDB35C00FED0EE /* Products */,
			);
			sourceTree = "<group>";
		};
		F9EBF2E221DDB35C00FED0EE /* Products */ = {
			isa = PBXGroup;
			children = (
				F9EBF2E121DDB35C00FED0EE /* RXTest.app */,
				F9EBF2F521DDB36000FED0EE /* RXTestTests.xctest */,
				F9EBF30021DDB36000FED0EE /* RXTestUITests.xctest */,
			);
			name = Products;
			sourceTree = "<group>";
		};
		F9EBF2E321DDB35C00FED0EE /* RXTest */ = {
			isa = PBXGroup;
			children = (
				F9EBF2E421DDB35C00FED0EE /* AppDelegate.swift */,
				F9EBF2E621DDB35C00FED0EE /* ViewController.swift */,
				F9EBF2E821DDB35C00FED0EE /* Main.storyboard */,
				F9EBF2EB21DDB36000FED0EE /* Assets.xcassets */,
				F9EBF2ED21DDB36000FED0EE /* LaunchScreen.storyboard */,
				F9EBF2F021DDB36000FED0EE /* Info.plist */,
			);
			path = RXTest;
			sourceTree = "<group>";
		};
		F9EBF2F821DDB36000FED0EE /* RXTestTests */ = {
			isa = PBXGroup;
			children = (
				F9EBF2F921DDB36000FED0EE /* RXTestTests.swift */,
				F9EBF2FB21DDB36000FED0EE /* Info.plist */,
			);
			path = RXTestTests;
			sourceTree = "<group>";
		};
		F9EBF30321DDB36000FED0EE /* RXTestUITests */ = {
			isa = PBXGroup;
			children = (
				F9EBF30421DDB36000FED0EE /* RXTestUITests.swift */,
				F9EBF30621DDB36000FED0EE /* Info.plist */,
			);
			path = RXTestUITests;
			sourceTree = "<group>";
		};
/* End PBXGroup section */

/* Begin PBXNativeTarget section */
		F9EBF2E021DDB35C00FED0EE /* RXTest */ = {
			isa = PBXNativeTarget;
			buildConfigurationList = F9EBF30921DDB36000FED0EE /* Build configuration list for PBXNativeTarget "RXTest" */;
			buildPhases = (
				F9EBF2DD21DDB35C00FED0EE /* Sources */,
				F9EBF2DE21DDB35C00FED0EE /* Frameworks */,
				F9EBF2DF21DDB35C00FED0EE /* Resources */,
			);
			buildRules = (
			);
			dependencies = (
			);
			name = RXTest;
			productName = RXTest;
			productReference = F9EBF2E121DDB35C00FED0EE /* RXTest.app */;
			productType = "com.apple.product-type.application";
		};
		F9EBF2F421DDB36000FED0EE /* RXTestTests */ = {
			isa = PBXNativeTarget;
			buildConfigurationList = F9EBF30C21DDB36000FED0EE /* Build configuration list for PBXNativeTarget "RXTestTests" */;
			buildPhases = (
				F9EBF2F121DDB36000FED0EE /* Sources */,
				F9EBF2F221DDB36000FED0EE /* Frameworks */,
				F9EBF2F321DDB36000FED0EE /* Resources */,
			);
			buildRules = (
			);
			dependencies = (
				F9EBF2F721DDB36000FED0EE /* PBXTargetDependency */,
			);
			name = RXTestTests;
			productName = RXTestTests;
			productReference = F9EBF2F521DDB36000FED0EE /* RXTestTests.xctest */;
			productType = "com.apple.product-type.bundle.unit-test";
		};
		F9EBF2FF21DDB36000FED0EE /* RXTestUITests */ = {
			isa = PBXNativeTarget;
			buildConfigurationList = F9EBF30F21DDB36000FED0EE /* Build configuration list for PBXNativeTarget "RXTestUITests" */;
			buildPhases = (
				F9EBF2FC21DDB36000FED0EE /* Sources */,
				F9EBF2FD21DDB36000FED0EE /* Frameworks */,
				F9EBF2FE21DDB36000FED0EE /* Resources */,
			);
			buildRules = (
			);
			dependencies = (
				F9EBF30221DDB36000FED0EE /* PBXTargetDependency */,
			);
			name = RXTestUITests;
			productName = RXTestUITests;
			productReference = F9EBF30021DDB36000FED0EE /* RXTestUITests.xctest */;
			productType = "com.apple.product-type.bundle.ui-testing";
		};
/* End PBXNativeTarget section */

/* Begin PBXProject section */
		F9EBF2D921DDB35C00FED0EE /* Project object */ = {
			isa = PBXProject;
			attributes = {
				LastSwiftUpdateCheck = 1010;
				LastUpgradeCheck = 1010;
				ORGANIZATIONNAME = Jack;
				TargetAttributes = {
					F9EBF2E021DDB35C00FED0EE = {
						CreatedOnToolsVersion = 10.1;
					};
					F9EBF2F421DDB36000FED0EE = {
						CreatedOnToolsVersion = 10.1;
						TestTargetID = F9EBF2E021DDB35C00FED0EE;
					};
					F9EBF2FF21DDB36000FED0EE = {
						CreatedOnToolsVersion = 10.1;
						TestTargetID = F9EBF2E021DDB35C00FED0EE;
					};
				};
			};
			buildConfigurationList = F9EBF2DC21DDB35C00FED0EE /* Build configuration list for PBXProject "RXTest" */;
			compatibilityVersion = "Xcode 9.3";
			developmentRegion = en;
			hasScannedForEncodings = 0;
			knownRegions = (
				en,
				Base,
			);
			mainGroup = F9EBF2D821DDB35C00FED0EE;
			productRefGroup = F9EBF2E221DDB35C00FED0EE /* Products */;
			projectDirPath = "";
			projectRoot = "";
			targets = (
				F9EBF2E021DDB35C00FED0EE /* RXTest */,
				F9EBF2F421DDB36000FED0EE /* RXTestTests */,
				F9EBF2FF21DDB36000FED0EE /* RXTestUITests */,
			);
		};
/* End PBXProject section */

/* Begin PBXResourcesBuildPhase section */
		F9EBF2DF21DDB35C00FED0EE /* Resources */ = {
			isa = PBXResourcesBuildPhase;
			buildActionMask = 2147483647;
			files = (
				F9EBF2EF21DDB36000FED0EE /* LaunchScreen.storyboard in Resources */,
				F9EBF2EC21DDB36000FED0EE /* Assets.xcassets in Resources */,
				F9EBF2EA21DDB35C00FED0EE /* Main.storyboard in Resources */,
			);
			runOnlyForDeploymentPostprocessing = 0;
		};
		F9EBF2F321DDB36000FED0EE /* Resources */ = {
			isa = PBXResourcesBuildPhase;
			buildActionMask = 2147483647;
			files = (
			);
			runOnlyForDeploymentPostprocessing = 0;
		};
		F9EBF2FE21DDB36000FED0EE /* Resources */ = {
			isa = PBXResourcesBuildPhase;
			buildActionMask = 2147483647;
			files = (
			);
			runOnlyForDeploymentPostprocessing = 0;
		};
/* End PBXResourcesBuildPhase section */

/* Begin PBXSourcesBuildPhase section */
		F9EBF2DD21DDB35C00FED0EE /* Sources */ = {
			isa = PBXSourcesBuildPhase;
			buildActionMask = 2147483647;
			files = (
				F9EBF2E721DDB35C00FED0EE /* ViewController.swift in Sources */,
				F9EBF2E521DDB35C00FED0EE /* AppDelegate.swift in Sources */,
			);
			runOnlyForDeploymentPostprocessing = 0;
		};
		F9EBF2F121DDB36000FED0EE /* Sources */ = {
			isa = PBXSourcesBuildPhase;
			buildActionMask = 2147483647;
			files = (
				F9EBF2FA21DDB36000FED0EE /* RXTestTests.swift in Sources */,
			);
			runOnlyForDeploymentPostprocessing = 0;
		};
		F9EBF2FC21DDB36000FED0EE /* Sources */ = {
			isa = PBXSourcesBuildPhase;
			buildActionMask = 2147483647;
			files = (
				F9EBF30521DDB36000FED0EE /* RXTestUITests.swift in Sources */,
			);
			runOnlyForDeploymentPostprocessing = 0;
		};
/* End PBXSourcesBuildPhase section */

/* Begin PBXTargetDependency section */
		F9EBF2F721DDB36000FED0EE /* PBXTargetDependency */ = {
			isa = PBXTargetDependency;
			target = F9EBF2E021DDB35C00FED0EE /* RXTest */;
			targetProxy = F9EBF2F621DDB36000FED0EE /* PBXContainerItemProxy */;
		};
		F9EBF30221DDB36000FED0EE /* PBXTargetDependency */ = {
			isa = PBXTargetDependency;
			target = F9EBF2E021DDB35C00FED0EE /* RXTest */;
			targetProxy = F9EBF30121DDB36000FED0EE /* PBXContainerItemProxy */;
		};
/* End PBXTargetDependency section */

/* Begin PBXVariantGroup section */
		F9EBF2E821DDB35C00FED0EE /* Main.storyboard */ = {
			isa = PBXVariantGroup;
			children = (
				F9EBF2E921DDB35C00FED0EE /* Base */,
			);
			name = Main.storyboard;
			sourceTree = "<group>";
		};
		F9EBF2ED21DDB36000FED0EE /* LaunchScreen.storyboard */ = {
			isa = PBXVariantGroup;
			children = (
				F9EBF2EE21DDB36000FED0EE /* Base */,
			);
			name = LaunchScreen.storyboard;
			sourceTree = "<group>";
		};
/* End PBXVariantGroup section */

/* Begin XCBuildConfiguration section */
		F9EBF30721DDB36000FED0EE /* Debug */ = {
			isa = XCBuildConfiguration;
			buildSettings = {
				ALWAYS_SEARCH_USER_PATHS = NO;
				CLANG_ANALYZER_NONNULL = YES;
				CLANG_ANALYZER_NUMBER_OBJECT_CONVERSION = YES_AGGRESSIVE;
				CLANG_CXX_LANGUAGE_STANDARD = "gnu++14";
				CLANG_CXX_LIBRARY = "libc++";
				CLANG_ENABLE_MODULES = YES;
				CLANG_ENABLE_OBJC_ARC = YES;
				CLANG_ENABLE_OBJC_WEAK = YES;
				CLANG_WARN_BLOCK_CAPTURE_AUTORELEASING = YES;
				CLANG_WARN_BOOL_CONVERSION = YES;
				CLANG_WARN_COMMA = YES;
				CLANG_WARN_CONSTANT_CONVERSION = YES;
				CLANG_WARN_DEPRECATED_OBJC_IMPLEMENTATIONS = YES;
				CLANG_WARN_DIRECT_OBJC_ISA_USAGE = YES_ERROR;
				CLANG_WARN_DOCUMENTATION_COMMENTS = YES;
				CLANG_WARN_EMPTY_BODY = YES;
				CLANG_WARN_ENUM_CONVERSION = YES;
				CLANG_WARN_INFINITE_RECURSION = YES;
				CLANG_WARN_INT_CONVERSION = YES;
				CLANG_WARN_NON_LITERAL_NULL_CONVERSION = YES;
				CLANG_WARN_OBJC_IMPLICIT_RETAIN_SELF = YES;
				CLANG_WARN_OBJC_LITERAL_CONVERSION = YES;
				CLANG_WARN_OBJC_ROOT_CLASS = YES_ERROR;
				CLANG_WARN_RANGE_LOOP_ANALYSIS = YES;
				CLANG_WARN_STRICT_PROTOTYPES = YES;
				CLANG_WARN_SUSPICIOUS_MOVE = YES;
				CLANG_WARN_UNGUARDED_AVAILABILITY = YES_AGGRESSIVE;
				CLANG_WARN_UNREACHABLE_CODE = YES;
				CLANG_WARN__DUPLICATE_METHOD_MATCH = YES;
				CODE_SIGN_IDENTITY = "iPhone Developer";
				COPY_PHASE_STRIP = NO;
				DEBUG_INFORMATION_FORMAT = dwarf;
				ENABLE_STRICT_OBJC_MSGSEND = YES;
				ENABLE_TESTABILITY = YES;
				GCC_C_LANGUAGE_STANDARD = gnu11;
				GCC_DYNAMIC_NO_PIC = NO;
				GCC_NO_COMMON_BLOCKS = YES;
				GCC_OPTIMIZATION_LEVEL = 0;
				GCC_PREPROCESSOR_DEFINITIONS = (
					"DEBUG=1",
					"$(inherited)",
				);
				GCC_WARN_64_TO_32_BIT_CONVERSION = YES;
				GCC_WARN_ABOUT_RETURN_TYPE = YES_ERROR;
				GCC_WARN_UNDECLARED_SELECTOR = YES;
				GCC_WARN_UNINITIALIZED_AUTOS = YES_AGGRESSIVE;
				GCC_WARN_UNUSED_FUNCTION = YES;
				GCC_WARN_UNUSED_VARIABLE = YES;
				IPHONEOS_DEPLOYMENT_TARGET = 12.1;
				MTL_ENABLE_DEBUG_INFO = INCLUDE_SOURCE;
				MTL_FAST_MATH = YES;
				ONLY_ACTIVE_ARCH = YES;
				SDKROOT = iphoneos;
				SWIFT_ACTIVE_COMPILATION_CONDITIONS = DEBUG;
				SWIFT_OPTIMIZATION_LEVEL = "-Onone";
			};
			name = Debug;
		};
		F9EBF30821DDB36000FED0EE /* Release */ = {
			isa = XCBuildConfiguration;
			buildSettings = {
				ALWAYS_SEARCH_USER_PATHS = NO;
				CLANG_ANALYZER_NONNULL = YES;
				CLANG_ANALYZER_NUMBER_OBJECT_CONVERSION = YES_AGGRESSIVE;
				CLANG_CXX_LANGUAGE_STANDARD = "gnu++14";
				CLANG_CXX_LIBRARY = "libc++";
				CLANG_ENABLE_MODULES = YES;
				CLANG_ENABLE_OBJC_ARC = YES;
				CLANG_ENABLE_OBJC_WEAK = YES;
				CLANG_WARN_BLOCK_CAPTURE_AUTORELEASING = YES;
				CLANG_WARN_BOOL_CONVERSION = YES;
				CLANG_WARN_COMMA = YES;
				CLANG_WARN_CONSTANT_CONVERSION = YES;
				CLANG_WARN_DEPRECATED_OBJC_IMPLEMENTATIONS = YES;
				CLANG_WARN_DIRECT_OBJC_ISA_USAGE = YES_ERROR;
				CLANG_WARN_DOCUMENTATION_COMMENTS = YES;
				CLANG_WARN_EMPTY_BODY = YES;
				CLANG_WARN_ENUM_CONVERSION = YES;
				CLANG_WARN_INFINITE_RECURSION = YES;
				CLANG_WARN_INT_CONVERSION = YES;
				CLANG_WARN_NON_LITERAL_NULL_CONVERSION = YES;
				CLANG_WARN_OBJC_IMPLICIT_RETAIN_SELF = YES;
				CLANG_WARN_OBJC_LITERAL_CONVERSION = YES;
				CLANG_WARN_OBJC_ROOT_CLASS = YES_ERROR;
				CLANG_WARN_RANGE_LOOP_ANALYSIS = YES;
				CLANG_WARN_STRICT_PROTOTYPES = YES;
				CLANG_WARN_SUSPICIOUS_MOVE = YES;
				CLANG_WARN_UNGUARDED_AVAILABILITY = YES_AGGRESSIVE;
				CLANG_WARN_UNREACHABLE_CODE = YES;
				CLANG_WARN__DUPLICATE_METHOD_MATCH = YES;
				CODE_SIGN_IDENTITY = "iPhone Developer";
				COPY_PHASE_STRIP = NO;
				DEBUG_INFORMATION_FORMAT = "dwarf-with-dsym";
				ENABLE_NS_ASSERTIONS = NO;
				ENABLE_STRICT_OBJC_MSGSEND = YES;
				GCC_C_LANGUAGE_STANDARD = gnu11;
				GCC_NO_COMMON_BLOCKS = YES;
				GCC_WARN_64_TO_32_BIT_CONVERSION = YES;
				GCC_WARN_ABOUT_RETURN_TYPE = YES_ERROR;
				GCC_WARN_UNDECLARED_SELECTOR = YES;
				GCC_WARN_UNINITIALIZED_AUTOS = YES_AGGRESSIVE;
				GCC_WARN_UNUSED_FUNCTION = YES;
				GCC_WARN_UNUSED_VARIABLE = YES;
				IPHONEOS_DEPLOYMENT_TARGET = 12.1;
				MTL_ENABLE_DEBUG_INFO = NO;
				MTL_FAST_MATH = YES;
				SDKROOT = iphoneos;
				SWIFT_COMPILATION_MODE = wholemodule;
				SWIFT_OPTIMIZATION_LEVEL = "-O";
				VALIDATE_PRODUCT = YES;
			};
			name = Release;
		};
		F9EBF30A21DDB36000FED0EE /* Debug */ = {
			isa = XCBuildConfiguration;
			buildSettings = {
				ASSETCATALOG_COMPILER_APPICON_NAME = AppIcon;
				CODE_SIGN_STYLE = Automatic;
				INFOPLIST_FILE = RXTest/Info.plist;
				LD_RUNPATH_SEARCH_PATHS = (
					"$(inherited)",
					"@executable_path/Frameworks",
				);
				PRODUCT_BUNDLE_IDENTIFIER = Jack.RXTest;
				PRODUCT_NAME = "$(TARGET_NAME)";
				SWIFT_VERSION = 4.2;
				TARGETED_DEVICE_FAMILY = "1,2";
			};
			name = Debug;
		};
		F9EBF30B21DDB36000FED0EE /* Release */ = {
			isa = XCBuildConfiguration;
			buildSettings = {
				ASSETCATALOG_COMPILER_APPICON_NAME = AppIcon;
				CODE_SIGN_STYLE = Automatic;
				INFOPLIST_FILE = RXTest/Info.plist;
				LD_RUNPATH_SEARCH_PATHS = (
					"$(inherited)",
					"@executable_path/Frameworks",
				);
				PRODUCT_BUNDLE_IDENTIFIER = Jack.RXTest;
				PRODUCT_NAME = "$(TARGET_NAME)";
				SWIFT_VERSION = 4.2;
				TARGETED_DEVICE_FAMILY = "1,2";
			};
			name = Release;
		};
		F9EBF30D21DDB36000FED0EE /* Debug */ = {
			isa = XCBuildConfiguration;
			buildSettings = {
				ALWAYS_EMBED_SWIFT_STANDARD_LIBRARIES = YES;
				BUNDLE_LOADER = "$(TEST_HOST)";
				CODE_SIGN_STYLE = Automatic;
				INFOPLIST_FILE = RXTestTests/Info.plist;
				LD_RUNPATH_SEARCH_PATHS = (
					"$(inherited)",
					"@executable_path/Frameworks",
					"@loader_path/Frameworks",
				);
				PRODUCT_BUNDLE_IDENTIFIER = Jack.RXTestTests;
				PRODUCT_NAME = "$(TARGET_NAME)";
				SWIFT_VERSION = 4.2;
				TARGETED_DEVICE_FAMILY = "1,2";
				TEST_HOST = "$(BUILT_PRODUCTS_DIR)/RXTest.app/RXTest";
			};
			name = Debug;
		};
		F9EBF30E21DDB36000FED0EE /* Release */ = {
			isa = XCBuildConfiguration;
			buildSettings = {
				ALWAYS_EMBED_SWIFT_STANDARD_LIBRARIES = YES;
				BUNDLE_LOADER = "$(TEST_HOST)";
				CODE_SIGN_STYLE = Automatic;
				INFOPLIST_FILE = RXTestTests/Info.plist;
				LD_RUNPATH_SEARCH_PATHS = (
					"$(inherited)",
					"@executable_path/Frameworks",
					"@loader_path/Frameworks",
				);
				PRODUCT_BUNDLE_IDENTIFIER = Jack.RXTestTests;
				PRODUCT_NAME = "$(TARGET_NAME)";
				SWIFT_VERSION = 4.2;
				TARGETED_DEVICE_FAMILY = "1,2";
				TEST_HOST = "$(BUILT_PRODUCTS_DIR)/RXTest.app/RXTest";
			};
			name = Release;
		};
		F9EBF31021DDB36000FED0EE /* Debug */ = {
			isa = XCBuildConfiguration;
			buildSettings = {
				ALWAYS_EMBED_SWIFT_STANDARD_LIBRARIES = YES;
				CODE_SIGN_STYLE = Automatic;
				INFOPLIST_FILE = RXTestUITests/Info.plist;
				LD_RUNPATH_SEARCH_PATHS = (
					"$(inherited)",
					"@executable_path/Frameworks",
					"@loader_path/Frameworks",
				);
				PRODUCT_BUNDLE_IDENTIFIER = Jack.RXTestUITests;
				PRODUCT_NAME = "$(TARGET_NAME)";
				SWIFT_VERSION = 4.2;
				TARGETED_DEVICE_FAMILY = "1,2";
				TEST_TARGET_NAME = RXTest;
			};
			name = Debug;
		};
		F9EBF31121DDB36000FED0EE /* Release */ = {
			isa = XCBuildConfiguration;
			buildSettings = {
				ALWAYS_EMBED_SWIFT_STANDARD_LIBRARIES = YES;
				CODE_SIGN_STYLE = Automatic;
				INFOPLIST_FILE = RXTestUITests/Info.plist;
				LD_RUNPATH_SEARCH_PATHS = (
					"$(inherited)",
					"@executable_path/Frameworks",
					"@loader_path/Frameworks",
				);
				PRODUCT_BUNDLE_IDENTIFIER = Jack.RXTestUITests;
				PRODUCT_NAME = "$(TARGET_NAME)";
				SWIFT_VERSION = 4.2;
				TARGETED_DEVICE_FAMILY = "1,2";
				TEST_TARGET_NAME = RXTest;
			};
			name = Release;
		};
/* End XCBuildConfiguration section */

/* Begin XCConfigurationList section */
		F9EBF2DC21DDB35C00FED0EE /* Build configuration list for PBXProject "RXTest" */ = {
			isa = XCConfigurationList;
			buildConfigurations = (
				F9EBF30721DDB36000FED0EE /* Debug */,
				F9EBF30821DDB36000FED0EE /* Release */,
			);
			defaultConfigurationIsVisible = 0;
			defaultConfigurationName = Release;
		};
		F9EBF30921DDB36000FED0EE /* Build configuration list for PBXNativeTarget "RXTest" */ = {
			isa = XCConfigurationList;
			buildConfigurations = (
				F9EBF30A21DDB36000FED0EE /* Debug */,
				F9EBF30B21DDB36000FED0EE /* Release */,
			);
			defaultConfigurationIsVisible = 0;
			defaultConfigurationName = Release;
		};
		F9EBF30C21DDB36000FED0EE /* Build configuration list for PBXNativeTarget "RXTestTests" */ = {
			isa = XCConfigurationList;
			buildConfigurations = (
				F9EBF30D21DDB36000FED0EE /* Debug */,
				F9EBF30E21DDB36000FED0EE /* Release */,
			);
			defaultConfigurationIsVisible = 0;
			defaultConfigurationName = Release;
		};
		F9EBF30F21DDB36000FED0EE /* Build configuration list for PBXNativeTarget "RXTestUITests" */ = {
			isa = XCConfigurationList;
			buildConfigurations = (
				F9EBF31021DDB36000FED0EE /* Debug */,
				F9EBF31121DDB36000FED0EE /* Release */,
			);
			defaultConfigurationIsVisible = 0;
			defaultConfigurationName = Release;
		};
/* End XCConfigurationList section */
	};
	rootObject = F9EBF2D921DDB35C00FED0EE /* Project object */;
}
